// !$*UTF8*$!
{
	archiveVersion = 1;
	classes = {
	};
	objectVersion = 46;
	objects = {

/* Begin PBXBuildFile section */
		607CCF921DE7413000190FB4 /* main.m in Sources */ = {isa = PBXBuildFile; fileRef = 607CCF911DE7413000190FB4 /* main.m */; };
		607CCF951DE7413000190FB4 /* AppDelegate.m in Sources */ = {isa = PBXBuildFile; fileRef = 607CCF941DE7413000190FB4 /* AppDelegate.m */; };
		607CCF981DE7413000190FB4 /* ViewController.m in Sources */ = {isa = PBXBuildFile; fileRef = 607CCF971DE7413000190FB4 /* ViewController.m */; };
		607CCF9B1DE7413000190FB4 /* Main.storyboard in Resources */ = {isa = PBXBuildFile; fileRef = 607CCF991DE7413000190FB4 /* Main.storyboard */; };
		607CCF9D1DE7413000190FB4 /* Assets.xcassets in Resources */ = {isa = PBXBuildFile; fileRef = 607CCF9C1DE7413000190FB4 /* Assets.xcassets */; };
		607CCFA01DE7413000190FB4 /* LaunchScreen.storyboard in Resources */ = {isa = PBXBuildFile; fileRef = 607CCF9E1DE7413000190FB4 /* LaunchScreen.storyboard */; };
		607CCFB01DE7474100190FB4 /* taylor.jpg in Resources */ = {isa = PBXBuildFile; fileRef = 607CCFAD1DE7474100190FB4 /* taylor.jpg */; };
		607CCFB11DE7474100190FB4 /* adele.jpg in Resources */ = {isa = PBXBuildFile; fileRef = 607CCFAE1DE7474100190FB4 /* adele.jpg */; };
		607CCFB21DE7474100190FB4 /* lima.jpg in Resources */ = {isa = PBXBuildFile; fileRef = 607CCFAF1DE7474100190FB4 /* lima.jpg */; };
/* End PBXBuildFile section */

/* Begin PBXFileReference section */
		607CCF8D1DE7413000190FB4 /* iTableView.app */ = {isa = PBXFileReference; explicitFileType = wrapper.application; includeInIndex = 0; path = iTableView.app; sourceTree = BUILT_PRODUCTS_DIR; };
		607CCF911DE7413000190FB4 /* main.m */ = {isa = PBXFileReference; lastKnownFileType = sourcecode.c.objc; path = main.m; sourceTree = "<group>"; };
		607CCF931DE7413000190FB4 /* AppDelegate.h */ = {isa = PBXFileReference; lastKnownFileType = sourcecode.c.h; path = AppDelegate.h; sourceTree = "<group>"; };
		607CCF941DE7413000190FB4 /* AppDelegate.m */ = {isa = PBXFileReference; lastKnownFileType = sourcecode.c.objc; path = AppDelegate.m; sourceTree = "<group>"; };
		607CCF961DE7413000190FB4 /* ViewController.h */ = {isa = PBXFileReference; lastKnownFileType = sourcecode.c.h; path = ViewController.h; sourceTree = "<group>"; };
		607CCF971DE7413000190FB4 /* ViewController.m */ = {isa = PBXFileReference; lastKnownFileType = sourcecode.c.objc; path = ViewController.m; sourceTree = "<group>"; };
		607CCF9A1DE7413000190FB4 /* Base */ = {isa = PBXFileReference; lastKnownFileType = file.storyboard; name = Base; path = Base.lproj/Main.storyboard; sourceTree = "<group>"; };
		607CCF9C1DE7413000190FB4 /* Assets.xcassets */ = {isa = PBXFileReference; lastKnownFileType = folder.assetcatalog; path = Assets.xcassets; sourceTree = "<group>"; };
		607CCF9F1DE7413000190FB4 /* Base */ = {isa = PBXFileReference; lastKnownFileType = file.storyboard; name = Base; path = Base.lproj/LaunchScreen.storyboard; sourceTree = "<group>"; };
		607CCFA11DE7413000190FB4 /* Info.plist */ = {isa = PBXFileReference; lastKnownFileType = text.plist.xml; path = Info.plist; sourceTree = "<group>"; };
		607CCFAD1DE7474100190FB4 /* taylor.jpg */ = {isa = PBXFileReference; lastKnownFileType = image.jpeg; path = taylor.jpg; sourceTree = "<group>"; };
		607CCFAE1DE7474100190FB4 /* adele.jpg */ = {isa = PBXFileReference; lastKnownFileType = image.jpeg; path = adele.jpg; sourceTree = "<group>"; };
		607CCFAF1DE7474100190FB4 /* lima.jpg */ = {isa = PBXFileReference; lastKnownFileType = image.jpeg; path = lima.jpg; sourceTree = "<group>"; };
/* End PBXFileReference section */

/* Begin PBXFrameworksBuildPhase section */
		607CCF8A1DE7413000190FB4 /* Frameworks */ = {
			isa = PBXFrameworksBuildPhase;
			buildActionMask = 2147483647;
			files = (
			);
			runOnlyForDeploymentPostprocessing = 0;
		};
/* End PBXFrameworksBuildPhase section */

/* Begin PBXGroup section */
		607CCF841DE7413000190FB4 = {
			isa = PBXGroup;
			children = (
				607CCF8F1DE7413000190FB4 /* iTableView */,
				607CCF8E1DE7413000190FB4 /* Products */,
			);
			sourceTree = "<group>";
		};
		607CCF8E1DE7413000190FB4 /* Products */ = {
			isa = PBXGroup;
			children = (
				607CCF8D1DE7413000190FB4 /* iTableView.app */,
			);
			name = Products;
			sourceTree = "<group>";
		};
		607CCF8F1DE7413000190FB4 /* iTableView */ = {
			isa = PBXGroup;
			children = (
				607CCFAD1DE7474100190FB4 /* taylor.jpg */,
				607CCFAE1DE7474100190FB4 /* adele.jpg */,
				607CCFAF1DE7474100190FB4 /* lima.jpg */,
				607CCF931DE7413000190FB4 /* AppDelegate.h */,
				607CCF941DE7413000190FB4 /* AppDelegate.m */,
				607CCF961DE7413000190FB4 /* ViewController.h */,
				607CCF971DE7413000190FB4 /* ViewController.m */,
				607CCF991DE7413000190FB4 /* Main.storyboard */,
				607CCF9C1DE7413000190FB4 /* Assets.xcassets */,
				607CCF9E1DE7413000190FB4 /* LaunchScreen.storyboard */,
				607CCFA11DE7413000190FB4 /* Info.plist */,
				607CCF901DE7413000190FB4 /* Supporting Files */,
			);
			path = iTableView;
			sourceTree = "<group>";
		};
		607CCF901DE7413000190FB4 /* Supporting Files */ = {
			isa = PBXGroup;
			children = (
				607CCF911DE7413000190FB4 /* main.m */,
			);
			name = "Supporting Files";
			sourceTree = "<group>";
		};
/* End PBXGroup section */

/* Begin PBXNativeTarget section */
		607CCF8C1DE7413000190FB4 /* iTableView */ = {
			isa = PBXNativeTarget;
			buildConfigurationList = 607CCFA41DE7413000190FB4 /* Build configuration list for PBXNativeTarget "iTableView" */;
			buildPhases = (
				607CCF891DE7413000190FB4 /* Sources */,
				607CCF8A1DE7413000190FB4 /* Frameworks */,
				607CCF8B1DE7413000190FB4 /* Resources */,
			);
			buildRules = (
			);
			dependencies = (
			);
			name = iTableView;
			productName = iTableView;
			productReference = 607CCF8D1DE7413000190FB4 /* iTableView.app */;
			productType = "com.apple.product-type.application";
		};
/* End PBXNativeTarget section */

/* Begin PBXProject section */
		607CCF851DE7413000190FB4 /* Project object */ = {
			isa = PBXProject;
			attributes = {
				LastUpgradeCheck = 0810;
				ORGANIZATIONNAME = "Bui Duc Khanh";
				TargetAttributes = {
					607CCF8C1DE7413000190FB4 = {
						CreatedOnToolsVersion = 8.1;
						ProvisioningStyle = Automatic;
					};
				};
			};
			buildConfigurationList = 607CCF881DE7413000190FB4 /* Build configuration list for PBXProject "iTableView" */;
			compatibilityVersion = "Xcode 3.2";
			developmentRegion = English;
			hasScannedForEncodings = 0;
			knownRegions = (
				en,
				Base,
			);
			mainGroup = 607CCF841DE7413000190FB4;
			productRefGroup = 607CCF8E1DE7413000190FB4 /* Products */;
			projectDirPath = "";
			projectRoot = "";
			targets = (
				607CCF8C1DE7413000190FB4 /* iTableView */,
			);
		};
/* End PBXProject section */

/* Begin PBXResourcesBuildPhase section */
		607CCF8B1DE7413000190FB4 /* Resources */ = {
			isa = PBXResourcesBuildPhase;
			buildActionMask = 2147483647;
			files = (
				607CCFB11DE7474100190FB4 /* adele.jpg in Resources */,
				607CCFB01DE7474100190FB4 /* taylor.jpg in Resources */,
				607CCFA01DE7413000190FB4 /* LaunchScreen.storyboard in Resources */,
				607CCF9D1DE7413000190FB4 /* Assets.xcassets in Resources */,
				607CCFB21DE7474100190FB4 /* lima.jpg in Resources */,
				607CCF9B1DE7413000190FB4 /* Main.storyboard in Resources */,
			);
			runOnlyForDeploymentPostprocessing = 0;
		};
/* End PBXResourcesBuildPhase section */

/* Begin PBXSourcesBuildPhase section */
		607CCF891DE7413000190FB4 /* Sources */ = {
			isa = PBXSourcesBuildPhase;
			buildActionMask = 2147483647;
			files = (
				607CCF981DE7413000190FB4 /* ViewController.m in Sources */,
				607CCF951DE7413000190FB4 /* AppDelegate.m in Sources */,
				607CCF921DE7413000190FB4 /* main.m in Sources */,
			);
			runOnlyForDeploymentPostprocessing = 0;
		};
/* End PBXSourcesBuildPhase section */

/* Begin PBXVariantGroup section */
		607CCF991DE7413000190FB4 /* Main.storyboard */ = {
			isa = PBXVariantGroup;
			children = (
				607CCF9A1DE7413000190FB4 /* Base */,
			);
			name = Main.storyboard;
			sourceTree = "<group>";
		};
		607CCF9E1DE7413000190FB4 /* LaunchScreen.storyboard */ = {
			isa = PBXVariantGroup;
			children = (
				607CCF9F1DE7413000190FB4 /* Base */,
			);
			name = LaunchScreen.storyboard;
			sourceTree = "<group>";
		};
/* End PBXVariantGroup section */

/* Begin XCBuildConfiguration section */
		607CCFA21DE7413000190FB4 /* Debug */ = {
			isa = XCBuildConfiguration;
			buildSettings = {
				ALWAYS_SEARCH_USER_PATHS = NO;
				CLANG_ANALYZER_NONNULL = YES;
				CLANG_CXX_LANGUAGE_STANDARD = "gnu++0x";
				CLANG_CXX_LIBRARY = "libc++";
				CLANG_ENABLE_MODULES = YES;
				CLANG_ENABLE_OBJC_ARC = YES;
				CLANG_WARN_BOOL_CONVERSION = YES;
				CLANG_WARN_CONSTANT_CONVERSION = YES;
				CLANG_WARN_DIRECT_OBJC_ISA_USAGE = YES_ERROR;
				CLANG_WARN_DOCUMENTATION_COMMENTS = YES;
				CLANG_WARN_EMPTY_BODY = YES;
				CLANG_WARN_ENUM_CONVERSION = YES;
				CLANG_WARN_INFINITE_RECURSION = YES;
				CLANG_WARN_INT_CONVERSION = YES;
				CLANG_WARN_OBJC_ROOT_CLASS = YES_ERROR;
				CLANG_WARN_SUSPICIOUS_MOVES = YES;
				CLANG_WARN_UNREACHABLE_CODE = YES;
				CLANG_WARN__DUPLICATE_METHOD_MATCH = YES;
				"CODE_SIGN_IDENTITY[sdk=iphoneos*]" = "iPhone Developer";
				COPY_PHASE_STRIP = NO;
				DEBUG_INFORMATION_FORMAT = dwarf;
				ENABLE_STRICT_OBJC_MSGSEND = YES;
				ENABLE_TESTABILITY = YES;
				GCC_C_LANGUAGE_STANDARD = gnu99;
				GCC_DYNAMIC_NO_PIC = NO;
				GCC_NO_COMMON_BLOCKS = YES;
				GCC_OPTIMIZATION_LEVEL = 0;
				GCC_PREPROCESSOR_DEFINITIONS = (
					"DEBUG=1",
					"$(inherited)",
				);
				GCC_WARN_64_TO_32_BIT_CONVERSION = YES;
				GCC_WARN_ABOUT_RETURN_TYPE = YES_ERROR;
				GCC_WARN_UNDECLARED_SELECTOR = YES;
				GCC_WARN_UNINITIALIZED_AUTOS = YES_AGGRESSIVE;
				GCC_WARN_UNUSED_FUNCTION = YES;
				GCC_WARN_UNUSED_VARIABLE = YES;
				IPHONEOS_DEPLOYMENT_TARGET = 10.1;
				MTL_ENABLE_DEBUG_INFO = YES;
				ONLY_ACTIVE_ARCH = YES;
				SDKROOT = iphoneos;
			};
			name = Debug;
		};
		607CCFA31DE7413000190FB4 /* Release */ = {
			isa = XCBuildConfiguration;
			buildSettings = {
				ALWAYS_SEARCH_USER_PATHS = NO;
				CLANG_ANALYZER_NONNULL = YES;
				CLANG_CXX_LANGUAGE_STANDARD = "gnu++0x";
				CLANG_CXX_LIBRARY = "libc++";
				CLANG_ENABLE_MODULES = YES;
				CLANG_ENABLE_OBJC_ARC = YES;
				CLANG_WARN_BOOL_CONVERSION = YES;
				CLANG_WARN_CONSTANT_CONVERSION = YES;
				CLANG_WARN_DIRECT_OBJC_ISA_USAGE = YES_ERROR;
				CLANG_WARN_DOCUMENTATION_COMMENTS = YES;
				CLANG_WARN_EMPTY_BODY = YES;
				CLANG_WARN_ENUM_CONVERSION = YES;
				CLANG_WARN_INFINITE_RECURSION = YES;
				CLANG_WARN_INT_CONVERSION = YES;
				CLANG_WARN_OBJC_ROOT_CLASS = YES_ERROR;
				CLANG_WARN_SUSPICIOUS_MOVES = YES;
				CLANG_WARN_UNREACHABLE_CODE = YES;
				CLANG_WARN__DUPLICATE_METHOD_MATCH = YES;
				"CODE_SIGN_IDENTITY[sdk=iphoneos*]" = "iPhone Developer";
				COPY_PHASE_STRIP = NO;
				DEBUG_INFORMATION_FORMAT = "dwarf-with-dsym";
				ENABLE_NS_ASSERTIONS = NO;
				ENABLE_STRICT_OBJC_MSGSEND = YES;
				GCC_C_LANGUAGE_STANDARD = gnu99;
				GCC_NO_COMMON_BLOCKS = YES;
				GCC_WARN_64_TO_32_BIT_CONVERSION = YES;
				GCC_WARN_ABOUT_RETURN_TYPE = YES_ERROR;
				GCC_WARN_UNDECLARED_SELECTOR = YES;
				GCC_WARN_UNINITIALIZED_AUTOS = YES_AGGRESSIVE;
				GCC_WARN_UNUSED_FUNCTION = YES;
				GCC_WARN_UNUSED_VARIABLE = YES;
				IPHONEOS_DEPLOYMENT_TARGET = 10.1;
				MTL_ENABLE_DEBUG_INFO = NO;
				SDKROOT = iphoneos;
				VALIDATE_PRODUCT = YES;
			};
			name = Release;
		};
		607CCFA51DE7413000190FB4 /* Debug */ = {
			isa = XCBuildConfiguration;
			buildSettings = {
				ASSETCATALOG_COMPILER_APPICON_NAME = AppIcon;
				INFOPLIST_FILE = iTableView/Info.plist;
				LD_RUNPATH_SEARCH_PATHS = "$(inherited) @executable_path/Frameworks";
				PRODUCT_BUNDLE_IDENTIFIER = vn.khanhbd.iTableView;
				PRODUCT_NAME = "$(TARGET_NAME)";
			};
			name = Debug;
		};
		607CCFA61DE7413000190FB4 /* Release */ = {
			isa = XCBuildConfiguration;
			buildSettings = {
				ASSETCATALOG_COMPILER_APPICON_NAME = AppIcon;
				INFOPLIST_FILE = iTableView/Info.plist;
				LD_RUNPATH_SEARCH_PATHS = "$(inherited) @executable_path/Frameworks";
				PRODUCT_BUNDLE_IDENTIFIER = vn.khanhbd.iTableView;
				PRODUCT_NAME = "$(TARGET_NAME)";
			};
			name = Release;
		};
/* End XCBuildConfiguration section */

/* Begin XCConfigurationList section */
		607CCF881DE7413000190FB4 /* Build configuration list for PBXProject "iTableView" */ = {
			isa = XCConfigurationList;
			buildConfigurations = (
				607CCFA21DE7413000190FB4 /* Debug */,
				607CCFA31DE7413000190FB4 /* Release */,
			);
			defaultConfigurationIsVisible = 0;
			defaultConfigurationName = Release;
		};
		607CCFA41DE7413000190FB4 /* Build configuration list for PBXNativeTarget "iTableView" */ = {
			isa = XCConfigurationList;
			buildConfigurations = (
				607CCFA51DE7413000190FB4 /* Debug */,
				607CCFA61DE7413000190FB4 /* Release */,
			);
			defaultConfigurationIsVisible = 0;
		};
/* End XCConfigurationList section */
	};
	rootObject = 607CCF851DE7413000190FB4 /* Project object */;
}
